
Microsoft Visual Studio Solution File, Format Version 12.00
# Visual Studio Version 17
VisualStudioVersion = 17.6.33829.357
MinimumVisualStudioVersion = 10.0.40219.1
Project("{FAE04EC0-301F-11D3-BF4B-00C04F79EFBC}") = "InventoryManager", "InventoryManager.csproj", "{146A767E-5AFE-40B2-94AE-3DBAC9ABC10E}"
EndProject
Global
	GlobalSection(SolutionConfigurationPlatforms) = preSolution
		Debug|Any CPU = Debug|Any CPU
		Release|Any CPU = Release|Any CPU
	EndGlobalSection
	GlobalSection(ProjectConfigurationPlatforms) = postSolution
		{146A767E-5AFE-40B2-94AE-3DBAC9ABC10E}.Debug|Any CPU.ActiveCfg = Debug|Any CPU
		{146A767E-5AFE-40B2-94AE-3DBAC9ABC10E}.Debug|Any CPU.Build.0 = Debug|Any CPU
		{146A767E-5AFE-40B2-94AE-3DBAC9ABC10E}.Release|Any CPU.ActiveCfg = Release|Any CPU
		{146A767E-5AFE-40B2-94AE-3DBAC9ABC10E}.Release|Any CPU.Build.0 = Release|Any CPU
	EndGlobalSection
	GlobalSection(SolutionProperties) = preSolution
		HideSolutionNode = FALSE
	EndGlobalSection
	GlobalSection(ExtensibilityGlobals) = postSolution
		SolutionGuid = {AFA7EA6C-3CFA-41AB-B598-60A42D3CE850}
	EndGlobalSection
EndGlobal
